
Microsoft Visual Studio Solution File, Format Version 12.00
# Visual Studio 15
VisualStudioVersion = 15.0.27004.2009
MinimumVisualStudioVersion = 10.0.40219.1
Project("{2150E333-8FDC-42A3-9474-1A3956D46DE8}") = "src", "src", "{E17A8916-7BC2-4F80-9198-1CA6744EBB3C}"
EndProject
Project("{2150E333-8FDC-42A3-9474-1A3956D46DE8}") = "tests", "tests", "{7F19DC56-9B6E-4B4F-909C-20B87759A4BA}"
EndProject
Project("{9A19103F-16F7-4668-BE54-9A1E7A4F7556}") = "N2N.Api", "src\N2N.Api\N2N.Api.csproj", "{52F13DD7-82C4-4C44-8023-7F6D7B0AD8EB}"
EndProject
Project("{FAE04EC0-301F-11D3-BF4B-00C04F79EFBC}") = "N2N.Infrastructure.Tests", "tests\N2N.Infrastructure.Tests\N2N.Infrastructure.Tests.csproj", "{AE7BBF0E-58EF-4076-A191-2F4229D0D53D}"
EndProject
Project("{FAE04EC0-301F-11D3-BF4B-00C04F79EFBC}") = "N2N.Core", "src\N2N.Core\N2N.Core.csproj", "{94757EF4-4F40-4FCA-B64F-95AB5942B0D6}"
EndProject
Project("{FAE04EC0-301F-11D3-BF4B-00C04F79EFBC}") = "N2N.Data", "src\N2N.Data\N2N.Data.csproj", "{5141DFD2-0FFD-43D7-BAC7-1F9B3BBEBF63}"
EndProject
Project("{FAE04EC0-301F-11D3-BF4B-00C04F79EFBC}") = "N2N.Infrasturcture", "src\N2N.Infrastructure\N2N.Infrasturcture.csproj", "{E45EAE66-10ED-4179-805A-F6A5B65F6532}"
EndProject
Project("{9A19103F-16F7-4668-BE54-9A1E7A4F7556}") = "N2N.Web", "src\N2N.Web\N2N.Web.csproj", "{8B788DD5-8887-4463-AD79-18FEA9E27272}"
EndProject
Project("{2150E333-8FDC-42A3-9474-1A3956D46DE8}") = "Solution Items", "Solution Items", "{B64A5793-483F-4B9F-863E-E6ADED0FF553}"
	ProjectSection(SolutionItems) = preProject
		.gitignore = .gitignore
	EndProjectSection
EndProject
Project("{2150E333-8FDC-42A3-9474-1A3956D46DE8}") = "assets", "assets", "{1567A827-34AE-4655-807F-1D302B995718}"
	ProjectSection(SolutionItems) = preProject
		assets\DevBuildSteps.bat = assets\DevBuildSteps.bat
		assets\FuatureBuildSteps.bat = assets\FuatureBuildSteps.bat
	EndProjectSection
EndProject
Global
	GlobalSection(SolutionConfigurationPlatforms) = preSolution
		Debug|Any CPU = Debug|Any CPU
		Release|Any CPU = Release|Any CPU
	EndGlobalSection
	GlobalSection(ProjectConfigurationPlatforms) = postSolution
		{52F13DD7-82C4-4C44-8023-7F6D7B0AD8EB}.Debug|Any CPU.ActiveCfg = Debug|Any CPU
		{52F13DD7-82C4-4C44-8023-7F6D7B0AD8EB}.Debug|Any CPU.Build.0 = Debug|Any CPU
		{52F13DD7-82C4-4C44-8023-7F6D7B0AD8EB}.Release|Any CPU.ActiveCfg = Release|Any CPU
		{52F13DD7-82C4-4C44-8023-7F6D7B0AD8EB}.Release|Any CPU.Build.0 = Release|Any CPU
		{AE7BBF0E-58EF-4076-A191-2F4229D0D53D}.Debug|Any CPU.ActiveCfg = Debug|Any CPU
		{AE7BBF0E-58EF-4076-A191-2F4229D0D53D}.Debug|Any CPU.Build.0 = Debug|Any CPU
		{AE7BBF0E-58EF-4076-A191-2F4229D0D53D}.Release|Any CPU.ActiveCfg = Release|Any CPU
		{AE7BBF0E-58EF-4076-A191-2F4229D0D53D}.Release|Any CPU.Build.0 = Release|Any CPU
		{94757EF4-4F40-4FCA-B64F-95AB5942B0D6}.Debug|Any CPU.ActiveCfg = Debug|Any CPU
		{94757EF4-4F40-4FCA-B64F-95AB5942B0D6}.Debug|Any CPU.Build.0 = Debug|Any CPU
		{94757EF4-4F40-4FCA-B64F-95AB5942B0D6}.Release|Any CPU.ActiveCfg = Release|Any CPU
		{94757EF4-4F40-4FCA-B64F-95AB5942B0D6}.Release|Any CPU.Build.0 = Release|Any CPU
		{5141DFD2-0FFD-43D7-BAC7-1F9B3BBEBF63}.Debug|Any CPU.ActiveCfg = Debug|Any CPU
		{5141DFD2-0FFD-43D7-BAC7-1F9B3BBEBF63}.Debug|Any CPU.Build.0 = Debug|Any CPU
		{5141DFD2-0FFD-43D7-BAC7-1F9B3BBEBF63}.Release|Any CPU.ActiveCfg = Release|Any CPU
		{5141DFD2-0FFD-43D7-BAC7-1F9B3BBEBF63}.Release|Any CPU.Build.0 = Release|Any CPU
		{E45EAE66-10ED-4179-805A-F6A5B65F6532}.Debug|Any CPU.ActiveCfg = Debug|Any CPU
		{E45EAE66-10ED-4179-805A-F6A5B65F6532}.Debug|Any CPU.Build.0 = Debug|Any CPU
		{E45EAE66-10ED-4179-805A-F6A5B65F6532}.Release|Any CPU.ActiveCfg = Release|Any CPU
		{E45EAE66-10ED-4179-805A-F6A5B65F6532}.Release|Any CPU.Build.0 = Release|Any CPU
		{8B788DD5-8887-4463-AD79-18FEA9E27272}.Debug|Any CPU.ActiveCfg = Debug|Any CPU
		{8B788DD5-8887-4463-AD79-18FEA9E27272}.Debug|Any CPU.Build.0 = Debug|Any CPU
		{8B788DD5-8887-4463-AD79-18FEA9E27272}.Release|Any CPU.ActiveCfg = Release|Any CPU
		{8B788DD5-8887-4463-AD79-18FEA9E27272}.Release|Any CPU.Build.0 = Release|Any CPU
	EndGlobalSection
	GlobalSection(SolutionProperties) = preSolution
		HideSolutionNode = FALSE
	EndGlobalSection
	GlobalSection(NestedProjects) = preSolution
		{52F13DD7-82C4-4C44-8023-7F6D7B0AD8EB} = {E17A8916-7BC2-4F80-9198-1CA6744EBB3C}
		{AE7BBF0E-58EF-4076-A191-2F4229D0D53D} = {7F19DC56-9B6E-4B4F-909C-20B87759A4BA}
		{94757EF4-4F40-4FCA-B64F-95AB5942B0D6} = {E17A8916-7BC2-4F80-9198-1CA6744EBB3C}
		{5141DFD2-0FFD-43D7-BAC7-1F9B3BBEBF63} = {E17A8916-7BC2-4F80-9198-1CA6744EBB3C}
		{E45EAE66-10ED-4179-805A-F6A5B65F6532} = {E17A8916-7BC2-4F80-9198-1CA6744EBB3C}
		{8B788DD5-8887-4463-AD79-18FEA9E27272} = {E17A8916-7BC2-4F80-9198-1CA6744EBB3C}
	EndGlobalSection
	GlobalSection(ExtensibilityGlobals) = postSolution
		SolutionGuid = {EEA9FF11-6FF0-4EF2-A7AF-699EDC60DA0E}
	EndGlobalSection
EndGlobal
